
Microsoft Visual Studio Solution File, Format Version 12.00
# Visual Studio Version 17
VisualStudioVersion = 17.6.33723.286
MinimumVisualStudioVersion = 10.0.40219.1
Project("{FAE04EC0-301F-11D3-BF4B-00C04F79EFBC}") = "Temizlik Otomasyonu", "Temizlik Otomasyonu.csproj", "{795241E8-E26E-4CBC-85D6-008C62602535}"
EndProject
Global
	GlobalSection(SolutionConfigurationPlatforms) = preSolution
		Debug|Any CPU = Debug|Any CPU
		Release|Any CPU = Release|Any CPU
	EndGlobalSection
	GlobalSection(ProjectConfigurationPlatforms) = postSolution
		{795241E8-E26E-4CBC-85D6-008C62602535}.Debug|Any CPU.ActiveCfg = Debug|Any CPU
		{795241E8-E26E-4CBC-85D6-008C62602535}.Debug|Any CPU.Build.0 = Debug|Any CPU
		{795241E8-E26E-4CBC-85D6-008C62602535}.Release|Any CPU.ActiveCfg = Release|Any CPU
		{795241E8-E26E-4CBC-85D6-008C62602535}.Release|Any CPU.Build.0 = Release|Any CPU
	EndGlobalSection
	GlobalSection(SolutionProperties) = preSolution
		HideSolutionNode = FALSE
	EndGlobalSection
	GlobalSection(ExtensibilityGlobals) = postSolution
		SolutionGuid = {0A360087-040B-463D-A993-FC2874660849}
	EndGlobalSection
EndGlobal
